
Microsoft Visual Studio Solution File, Format Version 12.00
# Visual Studio Version 17
VisualStudioVersion = 17.4.33213.308
MinimumVisualStudioVersion = 10.0.40219.1
Project("{9A19103F-16F7-4668-BE54-9A1E7A4F7556}") = "AddressBookApp", "AddressBookApp\AddressBookApp.csproj", "{11AA7CDD-9458-4013-B3AC-18DF8456EA9D}"
EndProject
Project("{FAE04EC0-301F-11D3-BF4B-00C04F79EFBC}") = "GenericUnitTests", "GenericUnitTests\GenericUnitTests.csproj", "{8E6A04FF-1B6D-4043-9577-2BBC1D1B149C}"
EndProject
Global
	GlobalSection(SolutionConfigurationPlatforms) = preSolution
		Debug|Any CPU = Debug|Any CPU
		Release|Any CPU = Release|Any CPU
	EndGlobalSection
	GlobalSection(ProjectConfigurationPlatforms) = postSolution
		{11AA7CDD-9458-4013-B3AC-18DF8456EA9D}.Debug|Any CPU.ActiveCfg = Debug|Any CPU
		{11AA7CDD-9458-4013-B3AC-18DF8456EA9D}.Debug|Any CPU.Build.0 = Debug|Any CPU
		{11AA7CDD-9458-4013-B3AC-18DF8456EA9D}.Release|Any CPU.ActiveCfg = Release|Any CPU
		{11AA7CDD-9458-4013-B3AC-18DF8456EA9D}.Release|Any CPU.Build.0 = Release|Any CPU
		{8E6A04FF-1B6D-4043-9577-2BBC1D1B149C}.Debug|Any CPU.ActiveCfg = Debug|Any CPU
		{8E6A04FF-1B6D-4043-9577-2BBC1D1B149C}.Debug|Any CPU.Build.0 = Debug|Any CPU
		{8E6A04FF-1B6D-4043-9577-2BBC1D1B149C}.Release|Any CPU.ActiveCfg = Release|Any CPU
		{8E6A04FF-1B6D-4043-9577-2BBC1D1B149C}.Release|Any CPU.Build.0 = Release|Any CPU
	EndGlobalSection
	GlobalSection(SolutionProperties) = preSolution
		HideSolutionNode = FALSE
	EndGlobalSection
	GlobalSection(ExtensibilityGlobals) = postSolution
		SolutionGuid = {7BA643AE-AB24-4FD4-B870-DD3C48536A87}
	EndGlobalSection
EndGlobal
